// !$*UTF8*$!
{
	archiveVersion = 1;
	classes = {
	};
	objectVersion = 50;
	objects = {

/* Begin PBXBuildFile section */
		F2694D5E22E78E50003625AB /* AppDelegate.swift in Sources */ = {isa = PBXBuildFile; fileRef = F2694D5D22E78E50003625AB /* AppDelegate.swift */; };
		F2694D6022E78E50003625AB /* ViewController.swift in Sources */ = {isa = PBXBuildFile; fileRef = F2694D5F22E78E50003625AB /* ViewController.swift */; };
		F2694D6322E78E50003625AB /* Main.storyboard in Resources */ = {isa = PBXBuildFile; fileRef = F2694D6122E78E50003625AB /* Main.storyboard */; };
		F2694D6622E78E50003625AB /* ExercicioSelecao.xcdatamodeld in Sources */ = {isa = PBXBuildFile; fileRef = F2694D6422E78E50003625AB /* ExercicioSelecao.xcdatamodeld */; };
		F2694D6822E78E51003625AB /* Assets.xcassets in Resources */ = {isa = PBXBuildFile; fileRef = F2694D6722E78E51003625AB /* Assets.xcassets */; };
		F2694D6B22E78E51003625AB /* LaunchScreen.storyboard in Resources */ = {isa = PBXBuildFile; fileRef = F2694D6922E78E51003625AB /* LaunchScreen.storyboard */; };
/* End PBXBuildFile section */

/* Begin PBXFileReference section */
		F2694D5A22E78E50003625AB /* ExercicioSelecao.app */ = {isa = PBXFileReference; explicitFileType = wrapper.application; includeInIndex = 0; path = ExercicioSelecao.app; sourceTree = BUILT_PRODUCTS_DIR; };
		F2694D5D22E78E50003625AB /* AppDelegate.swift */ = {isa = PBXFileReference; lastKnownFileType = sourcecode.swift; path = AppDelegate.swift; sourceTree = "<group>"; };
		F2694D5F22E78E50003625AB /* ViewController.swift */ = {isa = PBXFileReference; lastKnownFileType = sourcecode.swift; path = ViewController.swift; sourceTree = "<group>"; };
		F2694D6222E78E50003625AB /* Base */ = {isa = PBXFileReference; lastKnownFileType = file.storyboard; name = Base; path = Base.lproj/Main.storyboard; sourceTree = "<group>"; };
		F2694D6522E78E50003625AB /* ExercicioSelecao.xcdatamodel */ = {isa = PBXFileReference; lastKnownFileType = wrapper.xcdatamodel; path = ExercicioSelecao.xcdatamodel; sourceTree = "<group>"; };
		F2694D6722E78E51003625AB /* Assets.xcassets */ = {isa = PBXFileReference; lastKnownFileType = folder.assetcatalog; path = Assets.xcassets; sourceTree = "<group>"; };
		F2694D6A22E78E51003625AB /* Base */ = {isa = PBXFileReference; lastKnownFileType = file.storyboard; name = Base; path = Base.lproj/LaunchScreen.storyboard; sourceTree = "<group>"; };
		F2694D6C22E78E51003625AB /* Info.plist */ = {isa = PBXFileReference; lastKnownFileType = text.plist.xml; path = Info.plist; sourceTree = "<group>"; };
/* End PBXFileReference section */

/* Begin PBXFrameworksBuildPhase section */
		F2694D5722E78E4F003625AB /* Frameworks */ = {
			isa = PBXFrameworksBuildPhase;
			buildActionMask = 2147483647;
			files = (
			);
			runOnlyForDeploymentPostprocessing = 0;
		};
/* End PBXFrameworksBuildPhase section */

/* Begin PBXGroup section */
		F2694D5122E78E4F003625AB = {
			isa = PBXGroup;
			children = (
				F2694D5C22E78E50003625AB /* ExercicioSelecao */,
				F2694D5B22E78E50003625AB /* Products */,
			);
			sourceTree = "<group>";
		};
		F2694D5B22E78E50003625AB /* Products */ = {
			isa = PBXGroup;
			children = (
				F2694D5A22E78E50003625AB /* ExercicioSelecao.app */,
			);
			name = Products;
			sourceTree = "<group>";
		};
		F2694D5C22E78E50003625AB /* ExercicioSelecao */ = {
			isa = PBXGroup;
			children = (
				F2694D5D22E78E50003625AB /* AppDelegate.swift */,
				F2694D5F22E78E50003625AB /* ViewController.swift */,
				F2694D6122E78E50003625AB /* Main.storyboard */,
				F2694D6722E78E51003625AB /* Assets.xcassets */,
				F2694D6922E78E51003625AB /* LaunchScreen.storyboard */,
				F2694D6C22E78E51003625AB /* Info.plist */,
				F2694D6422E78E50003625AB /* ExercicioSelecao.xcdatamodeld */,
			);
			path = ExercicioSelecao;
			sourceTree = "<group>";
		};
/* End PBXGroup section */

/* Begin PBXNativeTarget section */
		F2694D5922E78E4F003625AB /* ExercicioSelecao */ = {
			isa = PBXNativeTarget;
			buildConfigurationList = F2694D6F22E78E51003625AB /* Build configuration list for PBXNativeTarget "ExercicioSelecao" */;
			buildPhases = (
				F2694D5622E78E4F003625AB /* Sources */,
				F2694D5722E78E4F003625AB /* Frameworks */,
				F2694D5822E78E4F003625AB /* Resources */,
			);
			buildRules = (
			);
			dependencies = (
			);
			name = ExercicioSelecao;
			productName = ExercicioSelecao;
			productReference = F2694D5A22E78E50003625AB /* ExercicioSelecao.app */;
			productType = "com.apple.product-type.application";
		};
/* End PBXNativeTarget section */

/* Begin PBXProject section */
		F2694D5222E78E4F003625AB /* Project object */ = {
			isa = PBXProject;
			attributes = {
				LastSwiftUpdateCheck = 1030;
				LastUpgradeCheck = 1030;
				ORGANIZATIONNAME = "Camile Ancines";
				TargetAttributes = {
					F2694D5922E78E4F003625AB = {
						CreatedOnToolsVersion = 10.3;
					};
				};
			};
			buildConfigurationList = F2694D5522E78E4F003625AB /* Build configuration list for PBXProject "ExercicioSelecao" */;
			compatibilityVersion = "Xcode 9.3";
			developmentRegion = en;
			hasScannedForEncodings = 0;
			knownRegions = (
				en,
				Base,
			);
			mainGroup = F2694D5122E78E4F003625AB;
			productRefGroup = F2694D5B22E78E50003625AB /* Products */;
			projectDirPath = "";
			projectRoot = "";
			targets = (
				F2694D5922E78E4F003625AB /* ExercicioSelecao */,
			);
		};
/* End PBXProject section */

/* Begin PBXResourcesBuildPhase section */
		F2694D5822E78E4F003625AB /* Resources */ = {
			isa = PBXResourcesBuildPhase;
			buildActionMask = 2147483647;
			files = (
				F2694D6B22E78E51003625AB /* LaunchScreen.storyboard in Resources */,
				F2694D6822E78E51003625AB /* Assets.xcassets in Resources */,
				F2694D6322E78E50003625AB /* Main.storyboard in Resources */,
			);
			runOnlyForDeploymentPostprocessing = 0;
		};
/* End PBXResourcesBuildPhase section */

/* Begin PBXSourcesBuildPhase section */
		F2694D5622E78E4F003625AB /* Sources */ = {
			isa = PBXSourcesBuildPhase;
			buildActionMask = 2147483647;
			files = (
				F2694D6022E78E50003625AB /* ViewController.swift in Sources */,
				F2694D6622E78E50003625AB /* ExercicioSelecao.xcdatamodeld in Sources */,
				F2694D5E22E78E50003625AB /* AppDelegate.swift in Sources */,
			);
			runOnlyForDeploymentPostprocessing = 0;
		};
/* End PBXSourcesBuildPhase section */

/* Begin PBXVariantGroup section */
		F2694D6122E78E50003625AB /* Main.storyboard */ = {
			isa = PBXVariantGroup;
			children = (
				F2694D6222E78E50003625AB /* Base */,
			);
			name = Main.storyboard;
			sourceTree = "<group>";
		};
		F2694D6922E78E51003625AB /* LaunchScreen.storyboard */ = {
			isa = PBXVariantGroup;
			children = (
				F2694D6A22E78E51003625AB /* Base */,
			);
			name = LaunchScreen.storyboard;
			sourceTree = "<group>";
		};
/* End PBXVariantGroup section */

/* Begin XCBuildConfiguration section */
		F2694D6D22E78E51003625AB /* Debug */ = {
			isa = XCBuildConfiguration;
			buildSettings = {
				ALWAYS_SEARCH_USER_PATHS = NO;
				CLANG_ANALYZER_NONNULL = YES;
				CLANG_ANALYZER_NUMBER_OBJECT_CONVERSION = YES_AGGRESSIVE;
				CLANG_CXX_LANGUAGE_STANDARD = "gnu++14";
				CLANG_CXX_LIBRARY = "libc++";
				CLANG_ENABLE_MODULES = YES;
				CLANG_ENABLE_OBJC_ARC = YES;
				CLANG_ENABLE_OBJC_WEAK = YES;
				CLANG_WARN_BLOCK_CAPTURE_AUTORELEASING = YES;
				CLANG_WARN_BOOL_CONVERSION = YES;
				CLANG_WARN_COMMA = YES;
				CLANG_WARN_CONSTANT_CONVERSION = YES;
				CLANG_WARN_DEPRECATED_OBJC_IMPLEMENTATIONS = YES;
				CLANG_WARN_DIRECT_OBJC_ISA_USAGE = YES_ERROR;
				CLANG_WARN_DOCUMENTATION_COMMENTS = YES;
				CLANG_WARN_EMPTY_BODY = YES;
				CLANG_WARN_ENUM_CONVERSION = YES;
				CLANG_WARN_INFINITE_RECURSION = YES;
				CLANG_WARN_INT_CONVERSION = YES;
				CLANG_WARN_NON_LITERAL_NULL_CONVERSION = YES;
				CLANG_WARN_OBJC_IMPLICIT_RETAIN_SELF = YES;
				CLANG_WARN_OBJC_LITERAL_CONVERSION = YES;
				CLANG_WARN_OBJC_ROOT_CLASS = YES_ERROR;
				CLANG_WARN_RANGE_LOOP_ANALYSIS = YES;
				CLANG_WARN_STRICT_PROTOTYPES = YES;
				CLANG_WARN_SUSPICIOUS_MOVE = YES;
				CLANG_WARN_UNGUARDED_AVAILABILITY = YES_AGGRESSIVE;
				CLANG_WARN_UNREACHABLE_CODE = YES;
				CLANG_WARN__DUPLICATE_METHOD_MATCH = YES;
				CODE_SIGN_IDENTITY = "iPhone Developer";
				COPY_PHASE_STRIP = NO;
				DEBUG_INFORMATION_FORMAT = dwarf;
				ENABLE_STRICT_OBJC_MSGSEND = YES;
				ENABLE_TESTABILITY = YES;
				GCC_C_LANGUAGE_STANDARD = gnu11;
				GCC_DYNAMIC_NO_PIC = NO;
				GCC_NO_COMMON_BLOCKS = YES;
				GCC_OPTIMIZATION_LEVEL = 0;
				GCC_PREPROCESSOR_DEFINITIONS = (
					"DEBUG=1",
					"$(inherited)",
				);
				GCC_WARN_64_TO_32_BIT_CONVERSION = YES;
				GCC_WARN_ABOUT_RETURN_TYPE = YES_ERROR;
				GCC_WARN_UNDECLARED_SELECTOR = YES;
				GCC_WARN_UNINITIALIZED_AUTOS = YES_AGGRESSIVE;
				GCC_WARN_UNUSED_FUNCTION = YES;
				GCC_WARN_UNUSED_VARIABLE = YES;
				IPHONEOS_DEPLOYMENT_TARGET = 12.4;
				MTL_ENABLE_DEBUG_INFO = INCLUDE_SOURCE;
				MTL_FAST_MATH = YES;
				ONLY_ACTIVE_ARCH = YES;
				SDKROOT = iphoneos;
				SWIFT_ACTIVE_COMPILATION_CONDITIONS = DEBUG;
				SWIFT_OPTIMIZATION_LEVEL = "-Onone";
			};
			name = Debug;
		};
		F2694D6E22E78E51003625AB /* Release */ = {
			isa = XCBuildConfiguration;
			buildSettings = {
				ALWAYS_SEARCH_USER_PATHS = NO;
				CLANG_ANALYZER_NONNULL = YES;
				CLANG_ANALYZER_NUMBER_OBJECT_CONVERSION = YES_AGGRESSIVE;
				CLANG_CXX_LANGUAGE_STANDARD = "gnu++14";
				CLANG_CXX_LIBRARY = "libc++";
				CLANG_ENABLE_MODULES = YES;
				CLANG_ENABLE_OBJC_ARC = YES;
				CLANG_ENABLE_OBJC_WEAK = YES;
				CLANG_WARN_BLOCK_CAPTURE_AUTORELEASING = YES;
				CLANG_WARN_BOOL_CONVERSION = YES;
				CLANG_WARN_COMMA = YES;
				CLANG_WARN_CONSTANT_CONVERSION = YES;
				CLANG_WARN_DEPRECATED_OBJC_IMPLEMENTATIONS = YES;
				CLANG_WARN_DIRECT_OBJC_ISA_USAGE = YES_ERROR;
				CLANG_WARN_DOCUMENTATION_COMMENTS = YES;
				CLANG_WARN_EMPTY_BODY = YES;
				CLANG_WARN_ENUM_CONVERSION = YES;
				CLANG_WARN_INFINITE_RECURSION = YES;
				CLANG_WARN_INT_CONVERSION = YES;
				CLANG_WARN_NON_LITERAL_NULL_CONVERSION = YES;
				CLANG_WARN_OBJC_IMPLICIT_RETAIN_SELF = YES;
				CLANG_WARN_OBJC_LITERAL_CONVERSION = YES;
				CLANG_WARN_OBJC_ROOT_CLASS = YES_ERROR;
				CLANG_WARN_RANGE_LOOP_ANALYSIS = YES;
				CLANG_WARN_STRICT_PROTOTYPES = YES;
				CLANG_WARN_SUSPICIOUS_MOVE = YES;
				CLANG_WARN_UNGUARDED_AVAILABILITY = YES_AGGRESSIVE;
				CLANG_WARN_UNREACHABLE_CODE = YES;
				CLANG_WARN__DUPLICATE_METHOD_MATCH = YES;
				CODE_SIGN_IDENTITY = "iPhone Developer";
				COPY_PHASE_STRIP = NO;
				DEBUG_INFORMATION_FORMAT = "dwarf-with-dsym";
				ENABLE_NS_ASSERTIONS = NO;
				ENABLE_STRICT_OBJC_MSGSEND = YES;
				GCC_C_LANGUAGE_STANDARD = gnu11;
				GCC_NO_COMMON_BLOCKS = YES;
				GCC_WARN_64_TO_32_BIT_CONVERSION = YES;
				GCC_WARN_ABOUT_RETURN_TYPE = YES_ERROR;
				GCC_WARN_UNDECLARED_SELECTOR = YES;
				GCC_WARN_UNINITIALIZED_AUTOS = YES_AGGRESSIVE;
				GCC_WARN_UNUSED_FUNCTION = YES;
				GCC_WARN_UNUSED_VARIABLE = YES;
				IPHONEOS_DEPLOYMENT_TARGET = 12.4;
				MTL_ENABLE_DEBUG_INFO = NO;
				MTL_FAST_MATH = YES;
				SDKROOT = iphoneos;
				SWIFT_COMPILATION_MODE = wholemodule;
				SWIFT_OPTIMIZATION_LEVEL = "-O";
				VALIDATE_PRODUCT = YES;
			};
			name = Release;
		};
		F2694D7022E78E51003625AB /* Debug */ = {
			isa = XCBuildConfiguration;
			buildSettings = {
				ASSETCATALOG_COMPILER_APPICON_NAME = AppIcon;
				CODE_SIGN_STYLE = Automatic;
				DEVELOPMENT_TEAM = WXA8WKRKZW;
				INFOPLIST_FILE = ExercicioSelecao/Info.plist;
				LD_RUNPATH_SEARCH_PATHS = (
					"$(inherited)",
					"@executable_path/Frameworks",
				);
				PRODUCT_BUNDLE_IDENTIFIER = camileancines.ExercicioSelecao;
				PRODUCT_NAME = "$(TARGET_NAME)";
				SWIFT_VERSION = 5.0;
				TARGETED_DEVICE_FAMILY = "1,2";
			};
			name = Debug;
		};
		F2694D7122E78E51003625AB /* Release */ = {
			isa = XCBuildConfiguration;
			buildSettings = {
				ASSETCATALOG_COMPILER_APPICON_NAME = AppIcon;
				CODE_SIGN_STYLE = Automatic;
				DEVELOPMENT_TEAM = WXA8WKRKZW;
				INFOPLIST_FILE = ExercicioSelecao/Info.plist;
				LD_RUNPATH_SEARCH_PATHS = (
					"$(inherited)",
					"@executable_path/Frameworks",
				);
				PRODUCT_BUNDLE_IDENTIFIER = camileancines.ExercicioSelecao;
				PRODUCT_NAME = "$(TARGET_NAME)";
				SWIFT_VERSION = 5.0;
				TARGETED_DEVICE_FAMILY = "1,2";
			};
			name = Release;
		};
/* End XCBuildConfiguration section */

/* Begin XCConfigurationList section */
		F2694D5522E78E4F003625AB /* Build configuration list for PBXProject "ExercicioSelecao" */ = {
			isa = XCConfigurationList;
			buildConfigurations = (
				F2694D6D22E78E51003625AB /* Debug */,
				F2694D6E22E78E51003625AB /* Release */,
			);
			defaultConfigurationIsVisible = 0;
			defaultConfigurationName = Release;
		};
		F2694D6F22E78E51003625AB /* Build configuration list for PBXNativeTarget "ExercicioSelecao" */ = {
			isa = XCConfigurationList;
			buildConfigurations = (
				F2694D7022E78E51003625AB /* Debug */,
				F2694D7122E78E51003625AB /* Release */,
			);
			defaultConfigurationIsVisible = 0;
			defaultConfigurationName = Release;
		};
/* End XCConfigurationList section */

/* Begin XCVersionGroup section */
		F2694D6422E78E50003625AB /* ExercicioSelecao.xcdatamodeld */ = {
			isa = XCVersionGroup;
			children = (
				F2694D6522E78E50003625AB /* ExercicioSelecao.xcdatamodel */,
			);
			currentVersion = F2694D6522E78E50003625AB /* ExercicioSelecao.xcdatamodel */;
			path = ExercicioSelecao.xcdatamodeld;
			sourceTree = "<group>";
			versionGroupType = wrapper.xcdatamodel;
		};
/* End XCVersionGroup section */
	};
	rootObject = F2694D5222E78E4F003625AB /* Project object */;
}
